
Microsoft Visual Studio Solution File, Format Version 12.00
# Visual Studio 15
VisualStudioVersion = 15.0.28010.2016
MinimumVisualStudioVersion = 10.0.40219.1
Project("{FAE04EC0-301F-11D3-BF4B-00C04F79EFBC}") = "Drowsiness", "Drowsiness\Drowsiness.csproj", "{8E66DEB5-33AE-42FA-88B9-7FDDBE7CA943}"
EndProject
Global
	GlobalSection(SolutionConfigurationPlatforms) = preSolution
		Debug|Any CPU = Debug|Any CPU
		Release|Any CPU = Release|Any CPU
	EndGlobalSection
	GlobalSection(ProjectConfigurationPlatforms) = postSolution
		{8E66DEB5-33AE-42FA-88B9-7FDDBE7CA943}.Debug|Any CPU.ActiveCfg = Debug|Any CPU
		{8E66DEB5-33AE-42FA-88B9-7FDDBE7CA943}.Debug|Any CPU.Build.0 = Debug|Any CPU
		{8E66DEB5-33AE-42FA-88B9-7FDDBE7CA943}.Release|Any CPU.ActiveCfg = Release|Any CPU
		{8E66DEB5-33AE-42FA-88B9-7FDDBE7CA943}.Release|Any CPU.Build.0 = Release|Any CPU
	EndGlobalSection
	GlobalSection(SolutionProperties) = preSolution
		HideSolutionNode = FALSE
	EndGlobalSection
	GlobalSection(ExtensibilityGlobals) = postSolution
		SolutionGuid = {1CC1B2AE-BAD0-4629-83BD-8F0DF023AFF8}
	EndGlobalSection
EndGlobal
